
Microsoft Visual Studio Solution File, Format Version 12.00
# Visual Studio Version 17
VisualStudioVersion = 17.11.35125.118
MinimumVisualStudioVersion = 10.0.40219.1
Project("{FAE04EC0-301F-11D3-BF4B-00C04F79EFBC}") = "CrudPrueba", "CrudPrueba\CrudPrueba\CrudPrueba.csproj", "{5D0C7FF5-5D94-4F07-AEE5-84DC1BCE7AAA}"
EndProject
Project("{FAE04EC0-301F-11D3-BF4B-00C04F79EFBC}") = "CrudPrueba.Client", "CrudPrueba\CrudPrueba.Client\CrudPrueba.Client.csproj", "{06098885-E7CE-4A89-8C91-C698B4553301}"
EndProject
Project("{FAE04EC0-301F-11D3-BF4B-00C04F79EFBC}") = "CrudPrueba.Shared", "CrudPrueba.Shared\CrudPrueba.Shared.csproj", "{B525B785-CA52-4793-A1FE-13D7645B0EDF}"
EndProject
Global
	GlobalSection(SolutionConfigurationPlatforms) = preSolution
		Debug|Any CPU = Debug|Any CPU
		Release|Any CPU = Release|Any CPU
	EndGlobalSection
	GlobalSection(ProjectConfigurationPlatforms) = postSolution
		{5D0C7FF5-5D94-4F07-AEE5-84DC1BCE7AAA}.Debug|Any CPU.ActiveCfg = Debug|Any CPU
		{5D0C7FF5-5D94-4F07-AEE5-84DC1BCE7AAA}.Debug|Any CPU.Build.0 = Debug|Any CPU
		{5D0C7FF5-5D94-4F07-AEE5-84DC1BCE7AAA}.Release|Any CPU.ActiveCfg = Release|Any CPU
		{5D0C7FF5-5D94-4F07-AEE5-84DC1BCE7AAA}.Release|Any CPU.Build.0 = Release|Any CPU
		{06098885-E7CE-4A89-8C91-C698B4553301}.Debug|Any CPU.ActiveCfg = Debug|Any CPU
		{06098885-E7CE-4A89-8C91-C698B4553301}.Debug|Any CPU.Build.0 = Debug|Any CPU
		{06098885-E7CE-4A89-8C91-C698B4553301}.Release|Any CPU.ActiveCfg = Release|Any CPU
		{06098885-E7CE-4A89-8C91-C698B4553301}.Release|Any CPU.Build.0 = Release|Any CPU
		{B525B785-CA52-4793-A1FE-13D7645B0EDF}.Debug|Any CPU.ActiveCfg = Debug|Any CPU
		{B525B785-CA52-4793-A1FE-13D7645B0EDF}.Debug|Any CPU.Build.0 = Debug|Any CPU
		{B525B785-CA52-4793-A1FE-13D7645B0EDF}.Release|Any CPU.ActiveCfg = Release|Any CPU
		{B525B785-CA52-4793-A1FE-13D7645B0EDF}.Release|Any CPU.Build.0 = Release|Any CPU
	EndGlobalSection
	GlobalSection(SolutionProperties) = preSolution
		HideSolutionNode = FALSE
	EndGlobalSection
	GlobalSection(ExtensibilityGlobals) = postSolution
		SolutionGuid = {C29428EE-06DD-43C2-9D9A-D66F26AB4972}
	EndGlobalSection
EndGlobal
